
Microsoft Visual Studio Solution File, Format Version 12.00
# Visual Studio Version 17
VisualStudioVersion = 17.9.34701.34
MinimumVisualStudioVersion = 10.0.40219.1
Project("{FAE04EC0-301F-11D3-BF4B-00C04F79EFBC}") = "Test1", "Test1.csproj", "{535E4C9B-7307-4D37-9FF9-CA197243EE0E}"
EndProject
Global
	GlobalSection(SolutionConfigurationPlatforms) = preSolution
		Debug|Any CPU = Debug|Any CPU
		Release|Any CPU = Release|Any CPU
	EndGlobalSection
	GlobalSection(ProjectConfigurationPlatforms) = postSolution
		{535E4C9B-7307-4D37-9FF9-CA197243EE0E}.Debug|Any CPU.ActiveCfg = Debug|Any CPU
		{535E4C9B-7307-4D37-9FF9-CA197243EE0E}.Debug|Any CPU.Build.0 = Debug|Any CPU
		{535E4C9B-7307-4D37-9FF9-CA197243EE0E}.Release|Any CPU.ActiveCfg = Release|Any CPU
		{535E4C9B-7307-4D37-9FF9-CA197243EE0E}.Release|Any CPU.Build.0 = Release|Any CPU
	EndGlobalSection
	GlobalSection(SolutionProperties) = preSolution
		HideSolutionNode = FALSE
	EndGlobalSection
	GlobalSection(ExtensibilityGlobals) = postSolution
		SolutionGuid = {03CA1CE4-B77A-4498-A2F6-91C9ADD644EC}
	EndGlobalSection
EndGlobal
