
Microsoft Visual Studio Solution File, Format Version 12.00
# Visual Studio Version 17
VisualStudioVersion = 17.9.34701.34
MinimumVisualStudioVersion = 10.0.40219.1
Project("{FAE04EC0-301F-11D3-BF4B-00C04F79EFBC}") = "Bai 1.1", "Bai 1.1.csproj", "{CF4FB3CE-372D-46A8-9F08-CD3FBA9B060B}"
EndProject
Global
	GlobalSection(SolutionConfigurationPlatforms) = preSolution
		Debug|Any CPU = Debug|Any CPU
		Release|Any CPU = Release|Any CPU
	EndGlobalSection
	GlobalSection(ProjectConfigurationPlatforms) = postSolution
		{CF4FB3CE-372D-46A8-9F08-CD3FBA9B060B}.Debug|Any CPU.ActiveCfg = Debug|Any CPU
		{CF4FB3CE-372D-46A8-9F08-CD3FBA9B060B}.Debug|Any CPU.Build.0 = Debug|Any CPU
		{CF4FB3CE-372D-46A8-9F08-CD3FBA9B060B}.Release|Any CPU.ActiveCfg = Release|Any CPU
		{CF4FB3CE-372D-46A8-9F08-CD3FBA9B060B}.Release|Any CPU.Build.0 = Release|Any CPU
	EndGlobalSection
	GlobalSection(SolutionProperties) = preSolution
		HideSolutionNode = FALSE
	EndGlobalSection
	GlobalSection(ExtensibilityGlobals) = postSolution
		SolutionGuid = {E092AA8B-CF50-4D49-AD19-11BF691F2D1A}
	EndGlobalSection
EndGlobal
